
Microsoft Visual Studio Solution File, Format Version 12.00
# Visual Studio Version 17
VisualStudioVersion = 17.0.31903.59
MinimumVisualStudioVersion = 10.0.40219.1
Project("{FAE04EC0-301F-11D3-BF4B-00C04F79EFBC}") = "ExpenseTrackerApi", "ExpenseTrackerApi\ExpenseTrackerApi.csproj", "{C9326384-7DAF-4A1E-BA18-377DB2221E91}"
EndProject
Project("{FAE04EC0-301F-11D3-BF4B-00C04F79EFBC}") = "DataLayer", "DataLayer\DataLayer.csproj", "{9B92D05A-27CE-444E-B478-94140DCABF82}"
EndProject
Project("{FAE04EC0-301F-11D3-BF4B-00C04F79EFBC}") = "ModelLayer", "ModelLayer\ModelLayer.csproj", "{65BCA6F8-EB35-4EF2-A125-CB1B77BCB4D5}"
EndProject
Global
	GlobalSection(SolutionConfigurationPlatforms) = preSolution
		Debug|Any CPU = Debug|Any CPU
		Release|Any CPU = Release|Any CPU
	EndGlobalSection
	GlobalSection(SolutionProperties) = preSolution
		HideSolutionNode = FALSE
	EndGlobalSection
	GlobalSection(ProjectConfigurationPlatforms) = postSolution
		{C9326384-7DAF-4A1E-BA18-377DB2221E91}.Debug|Any CPU.ActiveCfg = Debug|Any CPU
		{C9326384-7DAF-4A1E-BA18-377DB2221E91}.Debug|Any CPU.Build.0 = Debug|Any CPU
		{C9326384-7DAF-4A1E-BA18-377DB2221E91}.Release|Any CPU.ActiveCfg = Release|Any CPU
		{C9326384-7DAF-4A1E-BA18-377DB2221E91}.Release|Any CPU.Build.0 = Release|Any CPU
		{9B92D05A-27CE-444E-B478-94140DCABF82}.Debug|Any CPU.ActiveCfg = Debug|Any CPU
		{9B92D05A-27CE-444E-B478-94140DCABF82}.Debug|Any CPU.Build.0 = Debug|Any CPU
		{9B92D05A-27CE-444E-B478-94140DCABF82}.Release|Any CPU.ActiveCfg = Release|Any CPU
		{9B92D05A-27CE-444E-B478-94140DCABF82}.Release|Any CPU.Build.0 = Release|Any CPU
		{65BCA6F8-EB35-4EF2-A125-CB1B77BCB4D5}.Debug|Any CPU.ActiveCfg = Debug|Any CPU
		{65BCA6F8-EB35-4EF2-A125-CB1B77BCB4D5}.Debug|Any CPU.Build.0 = Debug|Any CPU
		{65BCA6F8-EB35-4EF2-A125-CB1B77BCB4D5}.Release|Any CPU.ActiveCfg = Release|Any CPU
		{65BCA6F8-EB35-4EF2-A125-CB1B77BCB4D5}.Release|Any CPU.Build.0 = Release|Any CPU
	EndGlobalSection
EndGlobal
